{
  "name": "miniprogram-ts-quickstart",
  "version": "1.0.0",
  "lockfileVersion": 1,
  "requires": true,
  "dependencies": {
    "@vant/weapp": {
      "version": "1.6.9",
      "resolved": "https://registry.npmjs.org/@vant/weapp/-/weapp-1.6.9.tgz",
      "integrity": "sha512-d7hvWjs1cjlM4PjEAhBhbtdejqcltbIptw4/qfDC1RZUp+t7eYEDX/aRUZgtPAwTnipRXJPOyQIdf8K9jYUI/g=="
    },
    "extend": {
      "version": "3.0.2",
      "resolved": "https://registry.npm.taobao.org/extend/download/extend-3.0.2.tgz",
      "integrity": "sha1-+LETa0Bx+9jrFAr/hYsQGewpFfo="
    },
    "miniprogram-api-typings": {
      "version": "3.4.1",
      "resolved": "https://registry.npmjs.org/miniprogram-api-typings/-/miniprogram-api-typings-3.4.1.tgz",
      "integrity": "sha512-kGUJ4zLgwzGyhtCOR2DTz8LTPkKJVek9OqspzGoMVcrmAKV76WqJ6sEOwJoQ1kO/VlTuXEKCu9+ZXB7hFKLcmw==",
      "dev": true
    },
    "typescript": {
      "version": "3.9.9",
      "resolved": "https://registry.npmjs.org/typescript/-/typescript-3.9.9.tgz",
      "integrity": "sha512-kdMjTiekY+z/ubJCATUPlRDl39vXYiMV9iyeMuEuXZh2we6zz80uovNN2WlAxmmdE/Z/YQe+EbOEXB5RHEED3w==",
      "dev": true
    },
    "weapp-qrcode": {
      "version": "1.0.0",
      "resolved": "https://registry.nlark.com/weapp-qrcode/download/weapp-qrcode-1.0.0.tgz",
      "integrity": "sha1-TztLTn03cQxRNDkWZzRYeFmuu/w=",
      "requires": {
        "extend": "^3.0.2"
      }
    }
  }
}
